{
    "_readme": [
        "This file locks the dependencies of your project to a known state",
        "Read more about it at https://getcomposer.org/doc/01-basic-usage.md#installing-dependencies",
        "This file is @generated automatically"
    ],
    "content-hash": "2f73bec91cb5b97438cb8a3e7fe0794e",
    "packages": [
        {
            "name": "sparkly/cms",
            "version": "dev-master",
            "source": {
                "type": "git",
                "url": "https://github.com/sparklycms/cms.git",
                "reference": "95aefd1fc0fb1d5e8338ace5bc21dcf6608b63d3"
            },
            "dist": {
                "type": "zip",
                "url": "https://api.github.com/repos/sparklycms/cms/zipball/95aefd1fc0fb1d5e8338ace5bc21dcf6608b63d3",
                "reference": "95aefd1fc0fb1d5e8338ace5bc21dcf6608b63d3",
                "shasum": ""
            },
            "type": "project",
            "notification-url": "https://packagist.org/downloads/",
            "license": [
                "MIT"
            ],
            "authors": [
                {
                    "name": "Ivan Dokov",
                    "email": "ivan@jetspark.io"
                }
            ],
            "description": "Sparkly CMS",
            "time": "2019-03-07T14:14:48+00:00"
        }
    ],
    "packages-dev": [],
    "aliases": [],
    "minimum-stability": "dev",
    "stability-flags": {
        "sparkly/cms": 20
    },
    "prefer-stable": true,
    "prefer-lowest": false,
    "platform": [],
    "platform-dev": []
}
